# This file is generated by running "yarn install" inside your project.
# Manual changes might be lost - proceed with caution!

__metadata:
  version: 8
  cacheKey: 10c0

"@dramaorg/psychic-couscous@npm:^1.1.0, @dramaorg/psychic-couscous@npm:^1.1.2":
  version: 1.1.2
  resolution: "@dramaorg/psychic-couscous@npm:1.1.2"
  checksum: 10c0/7b76ca76dfa296013159b821f6cb685a64a839f9f45ed61d3fb2dc5608c2f4988d41d7a9c209827e18f08298706657beb946f20b244f56d89aa7f22947a17258
  languageName: node
  linkType: hard

"@dramaorg/shiny-waddle@npm:^1.1.2":
  version: 1.1.2
  resolution: "@dramaorg/shiny-waddle@npm:1.1.2"
  dependencies:
    "@dramaorg/psychic-couscous": "npm:^1.1.0"
  checksum: 10c0/4999b402bb153267890c640ae55e9a18e3993772fb18185f2777ba2799c243a4a94dcd61de0f20f971fae722829f29aa0a3b31dcad7a16b0825da93432c88eff
  languageName: node
  linkType: hard

"@dramaorg/solid-octo@workspace:.":
  version: 0.0.0-use.local
  resolution: "@dramaorg/solid-octo@workspace:."
  dependencies:
    "@dramaorg/psychic-couscous": "npm:^1.1.2"
    "@dramaorg/shiny-waddle": "npm:^1.1.2"
  languageName: unknown
  linkType: soft
